{
  "version": 4,
  "terraform_version": "1.14.2",
  "serial": 13,
  "lineage": "e75098c2-1e00-9d77-dfe1-d56cfb1acd2f",
  "outputs": {},
  "resources": [
    {
      "module": "module.log_analytics",
      "mode": "managed",
      "type": "azurerm_log_analytics_workspace",
      "name": "this",
      "provider": "provider[\"registry.terraform.io/hashicorp/azurerm\"]",
      "instances": [
        {
          "schema_version": 3,
          "attributes": {
            "allow_resource_only_permissions": true,
            "cmk_for_query_forced": false,
            "daily_quota_gb": -1,
            "data_collection_rule_id": "",
            "id": "/subscriptions/fe3f3164-999a-4d6d-a18a-067e31ace903/resourceGroups/fdic-dev-rg/providers/Microsoft.OperationalInsights/workspaces/fdic-dev-law",
            "identity": [],
            "immediate_data_purge_on_30_days_enabled": false,
            "internet_ingestion_enabled": true,
            "internet_query_enabled": true,
            "local_authentication_disabled": false,
            "location": "eastus",
            "name": "fdic-dev-law",
            "primary_shared_key": "VMWC1S7LSTldXFfHLDKFi++UhvwJ5piXetf8AnvZMW1ZtdngtJwBghmhP4TPso/Cs4+OrKs+xz/RETj723qc5w==",
            "reservation_capacity_in_gb_per_day": null,
            "resource_group_name": "fdic-dev-rg",
            "retention_in_days": 30,
            "secondary_shared_key": "VUZBTN+pxudwRYS0Bkp4FvAGmU1nziahv+xQ9XnPNBMmM6uliEHxvWUyzTygC+y40k5QT4D1DcuCUBjoQbGe1w==",
            "sku": "PerGB2018",
            "tags": {
              "environment": "dev",
              "managed_by": "terraform",
              "project": "fdic-style-azure-devsecops"
            },
            "timeouts": null,
            "workspace_id": "8b53311d-d24f-4f44-b5ab-b75e0bc265bb"
          },
          "sensitive_attributes": [
            [
              {
                "type": "get_attr",
                "value": "primary_shared_key"
              }
            ],
            [
              {
                "type": "get_attr",
                "value": "secondary_shared_key"
              }
            ]
          ],
          "identity_schema_version": 0,
          "private": "eyJlMmJmYjczMC1lY2FhLTExZTYtOGY4OC0zNDM2M2JjN2M0YzAiOnsiY3JlYXRlIjoxODAwMDAwMDAwMDAwLCJkZWxldGUiOjE4MDAwMDAwMDAwMDAsInJlYWQiOjMwMDAwMDAwMDAwMCwidXBkYXRlIjoxODAwMDAwMDAwMDAwfSwic2NoZW1hX3ZlcnNpb24iOiIzIn0=",
          "dependencies": [
            "module.rg.azurerm_resource_group.this"
          ]
        }
      ]
    },
    {
      "module": "module.network",
      "mode": "managed",
      "type": "azurerm_network_security_group",
      "name": "this",
      "provider": "provider[\"registry.terraform.io/hashicorp/azurerm\"]",
      "instances": [
        {
          "index_key": "aks",
          "schema_version": 0,
          "attributes": {
            "id": "/subscriptions/fe3f3164-999a-4d6d-a18a-067e31ace903/resourceGroups/fdic-dev-rg/providers/Microsoft.Network/networkSecurityGroups/fdic-dev-vnet-aks-nsg",
            "location": "eastus",
            "name": "fdic-dev-vnet-aks-nsg",
            "resource_group_name": "fdic-dev-rg",
            "security_rule": [],
            "tags": {
              "environment": "dev",
              "managed_by": "terraform",
              "project": "fdic-style-azure-devsecops"
            },
            "timeouts": null
          },
          "sensitive_attributes": [],
          "identity_schema_version": 0,
          "private": "eyJlMmJmYjczMC1lY2FhLTExZTYtOGY4OC0zNDM2M2JjN2M0YzAiOnsiY3JlYXRlIjoxODAwMDAwMDAwMDAwLCJkZWxldGUiOjE4MDAwMDAwMDAwMDAsInJlYWQiOjMwMDAwMDAwMDAwMCwidXBkYXRlIjoxODAwMDAwMDAwMDAwfX0=",
          "dependencies": [
            "module.rg.azurerm_resource_group.this"
          ]
        },
        {
          "index_key": "management",
          "schema_version": 0,
          "attributes": {
            "id": "/subscriptions/fe3f3164-999a-4d6d-a18a-067e31ace903/resourceGroups/fdic-dev-rg/providers/Microsoft.Network/networkSecurityGroups/fdic-dev-vnet-management-nsg",
            "location": "eastus",
            "name": "fdic-dev-vnet-management-nsg",
            "resource_group_name": "fdic-dev-rg",
            "security_rule": [],
            "tags": {
              "environment": "dev",
              "managed_by": "terraform",
              "project": "fdic-style-azure-devsecops"
            },
            "timeouts": null
          },
          "sensitive_attributes": [],
          "identity_schema_version": 0,
          "private": "eyJlMmJmYjczMC1lY2FhLTExZTYtOGY4OC0zNDM2M2JjN2M0YzAiOnsiY3JlYXRlIjoxODAwMDAwMDAwMDAwLCJkZWxldGUiOjE4MDAwMDAwMDAwMDAsInJlYWQiOjMwMDAwMDAwMDAwMCwidXBkYXRlIjoxODAwMDAwMDAwMDAwfX0=",
          "dependencies": [
            "module.rg.azurerm_resource_group.this"
          ]
        },
        {
          "index_key": "private_endpoints",
          "schema_version": 0,
          "attributes": {
            "id": "/subscriptions/fe3f3164-999a-4d6d-a18a-067e31ace903/resourceGroups/fdic-dev-rg/providers/Microsoft.Network/networkSecurityGroups/fdic-dev-vnet-private_endpoints-nsg",
            "location": "eastus",
            "name": "fdic-dev-vnet-private_endpoints-nsg",
            "resource_group_name": "fdic-dev-rg",
            "security_rule": [],
            "tags": {
              "environment": "dev",
              "managed_by": "terraform",
              "project": "fdic-style-azure-devsecops"
            },
            "timeouts": null
          },
          "sensitive_attributes": [],
          "identity_schema_version": 0,
          "private": "eyJlMmJmYjczMC1lY2FhLTExZTYtOGY4OC0zNDM2M2JjN2M0YzAiOnsiY3JlYXRlIjoxODAwMDAwMDAwMDAwLCJkZWxldGUiOjE4MDAwMDAwMDAwMDAsInJlYWQiOjMwMDAwMDAwMDAwMCwidXBkYXRlIjoxODAwMDAwMDAwMDAwfX0=",
          "dependencies": [
            "module.rg.azurerm_resource_group.this"
          ]
        }
      ]
    },
    {
      "module": "module.network",
      "mode": "managed",
      "type": "azurerm_subnet",
      "name": "this",
      "provider": "provider[\"registry.terraform.io/hashicorp/azurerm\"]",
      "instances": [
        {
          "index_key": "aks",
          "schema_version": 0,
          "attributes": {
            "address_prefixes": [
              "10.10.1.0/24"
            ],
            "default_outbound_access_enabled": true,
            "delegation": [],
            "enforce_private_link_endpoint_network_policies": false,
            "enforce_private_link_service_network_policies": false,
            "id": "/subscriptions/fe3f3164-999a-4d6d-a18a-067e31ace903/resourceGroups/fdic-dev-rg/providers/Microsoft.Network/virtualNetworks/fdic-dev-vnet/subnets/aks",
            "name": "aks",
            "private_endpoint_network_policies": "Enabled",
            "private_endpoint_network_policies_enabled": true,
            "private_link_service_network_policies_enabled": true,
            "resource_group_name": "fdic-dev-rg",
            "service_endpoint_policy_ids": null,
            "service_endpoints": null,
            "timeouts": null,
            "virtual_network_name": "fdic-dev-vnet"
          },
          "sensitive_attributes": [],
          "identity_schema_version": 0,
          "private": "eyJlMmJmYjczMC1lY2FhLTExZTYtOGY4OC0zNDM2M2JjN2M0YzAiOnsiY3JlYXRlIjoxODAwMDAwMDAwMDAwLCJkZWxldGUiOjE4MDAwMDAwMDAwMDAsInJlYWQiOjMwMDAwMDAwMDAwMCwidXBkYXRlIjoxODAwMDAwMDAwMDAwfX0=",
          "dependencies": [
            "module.network.azurerm_virtual_network.this",
            "module.rg.azurerm_resource_group.this"
          ]
        },
        {
          "index_key": "management",
          "schema_version": 0,
          "attributes": {
            "address_prefixes": [
              "10.10.3.0/24"
            ],
            "default_outbound_access_enabled": true,
            "delegation": [],
            "enforce_private_link_endpoint_network_policies": false,
            "enforce_private_link_service_network_policies": false,
            "id": "/subscriptions/fe3f3164-999a-4d6d-a18a-067e31ace903/resourceGroups/fdic-dev-rg/providers/Microsoft.Network/virtualNetworks/fdic-dev-vnet/subnets/management",
            "name": "management",
            "private_endpoint_network_policies": "Enabled",
            "private_endpoint_network_policies_enabled": true,
            "private_link_service_network_policies_enabled": true,
            "resource_group_name": "fdic-dev-rg",
            "service_endpoint_policy_ids": null,
            "service_endpoints": null,
            "timeouts": null,
            "virtual_network_name": "fdic-dev-vnet"
          },
          "sensitive_attributes": [],
          "identity_schema_version": 0,
          "private": "eyJlMmJmYjczMC1lY2FhLTExZTYtOGY4OC0zNDM2M2JjN2M0YzAiOnsiY3JlYXRlIjoxODAwMDAwMDAwMDAwLCJkZWxldGUiOjE4MDAwMDAwMDAwMDAsInJlYWQiOjMwMDAwMDAwMDAwMCwidXBkYXRlIjoxODAwMDAwMDAwMDAwfX0=",
          "dependencies": [
            "module.network.azurerm_virtual_network.this",
            "module.rg.azurerm_resource_group.this"
          ]
        },
        {
          "index_key": "private_endpoints",
          "schema_version": 0,
          "attributes": {
            "address_prefixes": [
              "10.10.2.0/24"
            ],
            "default_outbound_access_enabled": true,
            "delegation": [],
            "enforce_private_link_endpoint_network_policies": true,
            "enforce_private_link_service_network_policies": false,
            "id": "/subscriptions/fe3f3164-999a-4d6d-a18a-067e31ace903/resourceGroups/fdic-dev-rg/providers/Microsoft.Network/virtualNetworks/fdic-dev-vnet/subnets/private_endpoints",
            "name": "private_endpoints",
            "private_endpoint_network_policies": "Disabled",
            "private_endpoint_network_policies_enabled": false,
            "private_link_service_network_policies_enabled": true,
            "resource_group_name": "fdic-dev-rg",
            "service_endpoint_policy_ids": null,
            "service_endpoints": null,
            "timeouts": null,
            "virtual_network_name": "fdic-dev-vnet"
          },
          "sensitive_attributes": [],
          "identity_schema_version": 0,
          "private": "eyJlMmJmYjczMC1lY2FhLTExZTYtOGY4OC0zNDM2M2JjN2M0YzAiOnsiY3JlYXRlIjoxODAwMDAwMDAwMDAwLCJkZWxldGUiOjE4MDAwMDAwMDAwMDAsInJlYWQiOjMwMDAwMDAwMDAwMCwidXBkYXRlIjoxODAwMDAwMDAwMDAwfX0=",
          "dependencies": [
            "module.network.azurerm_virtual_network.this",
            "module.rg.azurerm_resource_group.this"
          ]
        }
      ]
    },
    {
      "module": "module.network",
      "mode": "managed",
      "type": "azurerm_subnet_network_security_group_association",
      "name": "this",
      "provider": "provider[\"registry.terraform.io/hashicorp/azurerm\"]",
      "instances": [
        {
          "index_key": "aks",
          "schema_version": 0,
          "attributes": {
            "id": "/subscriptions/fe3f3164-999a-4d6d-a18a-067e31ace903/resourceGroups/fdic-dev-rg/providers/Microsoft.Network/virtualNetworks/fdic-dev-vnet/subnets/aks",
            "network_security_group_id": "/subscriptions/fe3f3164-999a-4d6d-a18a-067e31ace903/resourceGroups/fdic-dev-rg/providers/Microsoft.Network/networkSecurityGroups/fdic-dev-vnet-aks-nsg",
            "subnet_id": "/subscriptions/fe3f3164-999a-4d6d-a18a-067e31ace903/resourceGroups/fdic-dev-rg/providers/Microsoft.Network/virtualNetworks/fdic-dev-vnet/subnets/aks",
            "timeouts": null
          },
          "sensitive_attributes": [],
          "identity_schema_version": 0,
          "private": "eyJlMmJmYjczMC1lY2FhLTExZTYtOGY4OC0zNDM2M2JjN2M0YzAiOnsiY3JlYXRlIjoxODAwMDAwMDAwMDAwLCJkZWxldGUiOjE4MDAwMDAwMDAwMDAsInJlYWQiOjMwMDAwMDAwMDAwMH19",
          "dependencies": [
            "module.network.azurerm_network_security_group.this",
            "module.network.azurerm_subnet.this",
            "module.network.azurerm_virtual_network.this",
            "module.rg.azurerm_resource_group.this"
          ]
        },
        {
          "index_key": "management",
          "schema_version": 0,
          "attributes": {
            "id": "/subscriptions/fe3f3164-999a-4d6d-a18a-067e31ace903/resourceGroups/fdic-dev-rg/providers/Microsoft.Network/virtualNetworks/fdic-dev-vnet/subnets/management",
            "network_security_group_id": "/subscriptions/fe3f3164-999a-4d6d-a18a-067e31ace903/resourceGroups/fdic-dev-rg/providers/Microsoft.Network/networkSecurityGroups/fdic-dev-vnet-management-nsg",
            "subnet_id": "/subscriptions/fe3f3164-999a-4d6d-a18a-067e31ace903/resourceGroups/fdic-dev-rg/providers/Microsoft.Network/virtualNetworks/fdic-dev-vnet/subnets/management",
            "timeouts": null
          },
          "sensitive_attributes": [],
          "identity_schema_version": 0,
          "private": "eyJlMmJmYjczMC1lY2FhLTExZTYtOGY4OC0zNDM2M2JjN2M0YzAiOnsiY3JlYXRlIjoxODAwMDAwMDAwMDAwLCJkZWxldGUiOjE4MDAwMDAwMDAwMDAsInJlYWQiOjMwMDAwMDAwMDAwMH19",
          "dependencies": [
            "module.network.azurerm_network_security_group.this",
            "module.network.azurerm_subnet.this",
            "module.network.azurerm_virtual_network.this",
            "module.rg.azurerm_resource_group.this"
          ]
        },
        {
          "index_key": "private_endpoints",
          "schema_version": 0,
          "attributes": {
            "id": "/subscriptions/fe3f3164-999a-4d6d-a18a-067e31ace903/resourceGroups/fdic-dev-rg/providers/Microsoft.Network/virtualNetworks/fdic-dev-vnet/subnets/private_endpoints",
            "network_security_group_id": "/subscriptions/fe3f3164-999a-4d6d-a18a-067e31ace903/resourceGroups/fdic-dev-rg/providers/Microsoft.Network/networkSecurityGroups/fdic-dev-vnet-private_endpoints-nsg",
            "subnet_id": "/subscriptions/fe3f3164-999a-4d6d-a18a-067e31ace903/resourceGroups/fdic-dev-rg/providers/Microsoft.Network/virtualNetworks/fdic-dev-vnet/subnets/private_endpoints",
            "timeouts": null
          },
          "sensitive_attributes": [],
          "identity_schema_version": 0,
          "private": "eyJlMmJmYjczMC1lY2FhLTExZTYtOGY4OC0zNDM2M2JjN2M0YzAiOnsiY3JlYXRlIjoxODAwMDAwMDAwMDAwLCJkZWxldGUiOjE4MDAwMDAwMDAwMDAsInJlYWQiOjMwMDAwMDAwMDAwMH19",
          "dependencies": [
            "module.network.azurerm_network_security_group.this",
            "module.network.azurerm_subnet.this",
            "module.network.azurerm_virtual_network.this",
            "module.rg.azurerm_resource_group.this"
          ]
        }
      ]
    },
    {
      "module": "module.network",
      "mode": "managed",
      "type": "azurerm_virtual_network",
      "name": "this",
      "provider": "provider[\"registry.terraform.io/hashicorp/azurerm\"]",
      "instances": [
        {
          "schema_version": 0,
          "attributes": {
            "address_space": [
              "10.10.0.0/16"
            ],
            "bgp_community": "",
            "ddos_protection_plan": [],
            "dns_servers": [],
            "edge_zone": "",
            "encryption": [],
            "flow_timeout_in_minutes": 0,
            "guid": "9f7e207d-4173-4071-8a57-dcff5d5ca45c",
            "id": "/subscriptions/fe3f3164-999a-4d6d-a18a-067e31ace903/resourceGroups/fdic-dev-rg/providers/Microsoft.Network/virtualNetworks/fdic-dev-vnet",
            "location": "eastus",
            "name": "fdic-dev-vnet",
            "resource_group_name": "fdic-dev-rg",
            "subnet": [],
            "tags": {
              "environment": "dev",
              "managed_by": "terraform",
              "project": "fdic-style-azure-devsecops"
            },
            "timeouts": null
          },
          "sensitive_attributes": [],
          "identity_schema_version": 0,
          "private": "eyJlMmJmYjczMC1lY2FhLTExZTYtOGY4OC0zNDM2M2JjN2M0YzAiOnsiY3JlYXRlIjoxODAwMDAwMDAwMDAwLCJkZWxldGUiOjE4MDAwMDAwMDAwMDAsInJlYWQiOjMwMDAwMDAwMDAwMCwidXBkYXRlIjoxODAwMDAwMDAwMDAwfX0=",
          "dependencies": [
            "module.rg.azurerm_resource_group.this"
          ]
        }
      ]
    },
    {
      "module": "module.rg",
      "mode": "managed",
      "type": "azurerm_resource_group",
      "name": "this",
      "provider": "provider[\"registry.terraform.io/hashicorp/azurerm\"]",
      "instances": [
        {
          "schema_version": 0,
          "attributes": {
            "id": "/subscriptions/fe3f3164-999a-4d6d-a18a-067e31ace903/resourceGroups/fdic-dev-rg",
            "location": "eastus",
            "managed_by": "",
            "name": "fdic-dev-rg",
            "tags": {
              "environment": "dev",
              "managed_by": "terraform",
              "project": "fdic-style-azure-devsecops"
            },
            "timeouts": null
          },
          "sensitive_attributes": [],
          "identity_schema_version": 0,
          "private": "eyJlMmJmYjczMC1lY2FhLTExZTYtOGY4OC0zNDM2M2JjN2M0YzAiOnsiY3JlYXRlIjo1NDAwMDAwMDAwMDAwLCJkZWxldGUiOjU0MDAwMDAwMDAwMDAsInJlYWQiOjMwMDAwMDAwMDAwMCwidXBkYXRlIjo1NDAwMDAwMDAwMDAwfX0="
        }
      ]
    }
  ],
  "check_results": null
}
